
Microsoft Visual Studio Solution File, Format Version 12.00
# Visual Studio 14
VisualStudioVersion = 14.0.25420.1
MinimumVisualStudioVersion = 10.0.40219.1
Project("{2150E333-8FDC-42A3-9474-1A3956D46DE8}") = "src", "src", "{5E78E75B-C8A5-4B98-8C69-ABC18466802F}"
EndProject
Project("{2150E333-8FDC-42A3-9474-1A3956D46DE8}") = "Solution Items", "Solution Items", "{B1990A54-358E-42C2-8D84-6FB3951DF92E}"
	ProjectSection(SolutionItems) = preProject
		global.json = global.json
	EndProjectSection
EndProject
Project("{8BB2217D-0F2D-49D1-97BC-3654ED321F3B}") = "Jwt.Token.Authorization.Server", "src\Jwt.Token.Authorization.Server\Jwt.Token.Authorization.Server.xproj", "{55ABD252-AFCC-4B43-AEF7-AE50B29CDB01}"
EndProject
Project("{2150E333-8FDC-42A3-9474-1A3956D46DE8}") = "sample", "sample", "{B66B3877-FA13-4B78-99CE-393F24962BAA}"
EndProject
Project("{8BB2217D-0F2D-49D1-97BC-3654ED321F3B}") = "Jwt.Token.Authorization.Server.Sample", "sample\Jwt.Token.Authorization.Server.Sample\Jwt.Token.Authorization.Server.Sample.xproj", "{098E0C75-6757-4C55-B4EA-36EC18715916}"
EndProject
Global
	GlobalSection(SolutionConfigurationPlatforms) = preSolution
		Debug|Any CPU = Debug|Any CPU
		Release|Any CPU = Release|Any CPU
	EndGlobalSection
	GlobalSection(ProjectConfigurationPlatforms) = postSolution
		{55ABD252-AFCC-4B43-AEF7-AE50B29CDB01}.Debug|Any CPU.ActiveCfg = Debug|Any CPU
		{55ABD252-AFCC-4B43-AEF7-AE50B29CDB01}.Debug|Any CPU.Build.0 = Debug|Any CPU
		{55ABD252-AFCC-4B43-AEF7-AE50B29CDB01}.Release|Any CPU.ActiveCfg = Release|Any CPU
		{55ABD252-AFCC-4B43-AEF7-AE50B29CDB01}.Release|Any CPU.Build.0 = Release|Any CPU
		{098E0C75-6757-4C55-B4EA-36EC18715916}.Debug|Any CPU.ActiveCfg = Debug|Any CPU
		{098E0C75-6757-4C55-B4EA-36EC18715916}.Debug|Any CPU.Build.0 = Debug|Any CPU
		{098E0C75-6757-4C55-B4EA-36EC18715916}.Release|Any CPU.ActiveCfg = Release|Any CPU
		{098E0C75-6757-4C55-B4EA-36EC18715916}.Release|Any CPU.Build.0 = Release|Any CPU
	EndGlobalSection
	GlobalSection(SolutionProperties) = preSolution
		HideSolutionNode = FALSE
	EndGlobalSection
	GlobalSection(NestedProjects) = preSolution
		{55ABD252-AFCC-4B43-AEF7-AE50B29CDB01} = {5E78E75B-C8A5-4B98-8C69-ABC18466802F}
		{098E0C75-6757-4C55-B4EA-36EC18715916} = {B66B3877-FA13-4B78-99CE-393F24962BAA}
	EndGlobalSection
EndGlobal
